
Microsoft Visual Studio Solution File, Format Version 12.00
# Visual Studio 11
Project("{FAE04EC0-301F-11D3-BF4B-00C04F79EFBC}") = "RssGo", "RssGo\RssGo.csproj", "{E49CD8D4-E5F3-4516-A21B-3E98E9291418}"
EndProject
Project("{FAE04EC0-301F-11D3-BF4B-00C04F79EFBC}") = "RssGoLibrary", "RssGoLibrary\RssGoLibrary\RssGoLibrary.csproj", "{B675842A-6197-4040-9185-F9C3B3E019DF}"
EndProject
Global
	GlobalSection(SolutionConfigurationPlatforms) = preSolution
		Debug|ARM = Debug|ARM
		Debug|Any CPU = Debug|Any CPU
		Debug|x64 = Debug|x64
		Debug|x86 = Debug|x86
		Release|ARM = Release|ARM
		Release|Any CPU = Release|Any CPU
		Release|x64 = Release|x64
		Release|x86 = Release|x86
	EndGlobalSection
	GlobalSection(ProjectConfigurationPlatforms) = postSolution
		{B675842A-6197-4040-9185-F9C3B3E019DF}.Debug|ARM.ActiveCfg = Debug|ARM
		{B675842A-6197-4040-9185-F9C3B3E019DF}.Debug|ARM.Build.0 = Debug|ARM
		{B675842A-6197-4040-9185-F9C3B3E019DF}.Debug|Any CPU.ActiveCfg = Debug|Any CPU
		{B675842A-6197-4040-9185-F9C3B3E019DF}.Debug|Any CPU.Build.0 = Debug|Any CPU
		{B675842A-6197-4040-9185-F9C3B3E019DF}.Debug|x64.ActiveCfg = Debug|x64
		{B675842A-6197-4040-9185-F9C3B3E019DF}.Debug|x64.Build.0 = Debug|x64
		{B675842A-6197-4040-9185-F9C3B3E019DF}.Debug|x86.ActiveCfg = Debug|x86
		{B675842A-6197-4040-9185-F9C3B3E019DF}.Debug|x86.Build.0 = Debug|x86
		{B675842A-6197-4040-9185-F9C3B3E019DF}.Release|ARM.ActiveCfg = Release|ARM
		{B675842A-6197-4040-9185-F9C3B3E019DF}.Release|ARM.Build.0 = Release|ARM
		{B675842A-6197-4040-9185-F9C3B3E019DF}.Release|Any CPU.ActiveCfg = Release|Any CPU
		{B675842A-6197-4040-9185-F9C3B3E019DF}.Release|Any CPU.Build.0 = Release|Any CPU
		{B675842A-6197-4040-9185-F9C3B3E019DF}.Release|x64.ActiveCfg = Release|x64
		{B675842A-6197-4040-9185-F9C3B3E019DF}.Release|x64.Build.0 = Release|x64
		{B675842A-6197-4040-9185-F9C3B3E019DF}.Release|x86.ActiveCfg = Release|x86
		{B675842A-6197-4040-9185-F9C3B3E019DF}.Release|x86.Build.0 = Release|x86
		{E49CD8D4-E5F3-4516-A21B-3E98E9291418}.Debug|ARM.ActiveCfg = Debug|ARM
		{E49CD8D4-E5F3-4516-A21B-3E98E9291418}.Debug|ARM.Build.0 = Debug|ARM
		{E49CD8D4-E5F3-4516-A21B-3E98E9291418}.Debug|ARM.Deploy.0 = Debug|ARM
		{E49CD8D4-E5F3-4516-A21B-3E98E9291418}.Debug|Any CPU.ActiveCfg = Debug|Any CPU
		{E49CD8D4-E5F3-4516-A21B-3E98E9291418}.Debug|Any CPU.Build.0 = Debug|Any CPU
		{E49CD8D4-E5F3-4516-A21B-3E98E9291418}.Debug|Any CPU.Deploy.0 = Debug|Any CPU
		{E49CD8D4-E5F3-4516-A21B-3E98E9291418}.Debug|x64.ActiveCfg = Debug|x64
		{E49CD8D4-E5F3-4516-A21B-3E98E9291418}.Debug|x64.Build.0 = Debug|x64
		{E49CD8D4-E5F3-4516-A21B-3E98E9291418}.Debug|x64.Deploy.0 = Debug|x64
		{E49CD8D4-E5F3-4516-A21B-3E98E9291418}.Debug|x86.ActiveCfg = Debug|x86
		{E49CD8D4-E5F3-4516-A21B-3E98E9291418}.Debug|x86.Build.0 = Debug|x86
		{E49CD8D4-E5F3-4516-A21B-3E98E9291418}.Debug|x86.Deploy.0 = Debug|x86
		{E49CD8D4-E5F3-4516-A21B-3E98E9291418}.Release|ARM.ActiveCfg = Release|ARM
		{E49CD8D4-E5F3-4516-A21B-3E98E9291418}.Release|ARM.Build.0 = Release|ARM
		{E49CD8D4-E5F3-4516-A21B-3E98E9291418}.Release|ARM.Deploy.0 = Release|ARM
		{E49CD8D4-E5F3-4516-A21B-3E98E9291418}.Release|Any CPU.ActiveCfg = Release|Any CPU
		{E49CD8D4-E5F3-4516-A21B-3E98E9291418}.Release|Any CPU.Build.0 = Release|Any CPU
		{E49CD8D4-E5F3-4516-A21B-3E98E9291418}.Release|Any CPU.Deploy.0 = Release|Any CPU
		{E49CD8D4-E5F3-4516-A21B-3E98E9291418}.Release|x64.ActiveCfg = Release|x64
		{E49CD8D4-E5F3-4516-A21B-3E98E9291418}.Release|x64.Build.0 = Release|x64
		{E49CD8D4-E5F3-4516-A21B-3E98E9291418}.Release|x64.Deploy.0 = Release|x64
		{E49CD8D4-E5F3-4516-A21B-3E98E9291418}.Release|x86.ActiveCfg = Release|x86
		{E49CD8D4-E5F3-4516-A21B-3E98E9291418}.Release|x86.Build.0 = Release|x86
		{E49CD8D4-E5F3-4516-A21B-3E98E9291418}.Release|x86.Deploy.0 = Release|x86
	EndGlobalSection
	GlobalSection(SolutionProperties) = preSolution
		HideSolutionNode = FALSE
	EndGlobalSection
EndGlobal
